
Microsoft Visual Studio Solution File, Format Version 12.00
# Visual Studio 15
VisualStudioVersion = 15.0.27004.2009
MinimumVisualStudioVersion = 10.0.40219.1
Project("{FAE04EC0-301F-11D3-BF4B-00C04F79EFBC}") = "genkPrint_v0.2", "genkPrint_v0.2\genkPrint_v0.2.csproj", "{02D0E0C7-3373-408A-BA41-4270694F1BD8}"
EndProject
Project("{FAE04EC0-301F-11D3-BF4B-00C04F79EFBC}") = "GenkPrintMVC_v0.3", "GenkPrintMVC_v0.3\GenkPrintMVC_v0.3.csproj", "{94BD265D-BC89-41B8-B263-89C0D515FD25}"
EndProject
Project("{FAE04EC0-301F-11D3-BF4B-00C04F79EFBC}") = "GenkPrintCore_v0.1", "GenkPrintCore_v0.1\GenkPrintCore_v0.1.csproj", "{38C95266-E8EA-48EF-BB53-550E4EF310EE}"
EndProject
Project("{FAE04EC0-301F-11D3-BF4B-00C04F79EFBC}") = "GenkPrintMVC_v0.4", "GenkPrintMVC_v0.4\GenkPrintMVC_v0.4.csproj", "{B901818B-C458-47B4-9D8F-C5FFC37DBCBD}"
EndProject
Project("{FAE04EC0-301F-11D3-BF4B-00C04F79EFBC}") = "GenkPrintMVC_v0.5", "GenkPrintMVC_v0.5\GenkPrintMVC_v0.5.csproj", "{9CA4F577-FD25-41B9-BB87-FC8DA4791BDB}"
EndProject
Global
	GlobalSection(SolutionConfigurationPlatforms) = preSolution
		Debug|Any CPU = Debug|Any CPU
		Release|Any CPU = Release|Any CPU
	EndGlobalSection
	GlobalSection(ProjectConfigurationPlatforms) = postSolution
		{02D0E0C7-3373-408A-BA41-4270694F1BD8}.Debug|Any CPU.ActiveCfg = Debug|Any CPU
		{02D0E0C7-3373-408A-BA41-4270694F1BD8}.Debug|Any CPU.Build.0 = Debug|Any CPU
		{02D0E0C7-3373-408A-BA41-4270694F1BD8}.Release|Any CPU.ActiveCfg = Release|Any CPU
		{02D0E0C7-3373-408A-BA41-4270694F1BD8}.Release|Any CPU.Build.0 = Release|Any CPU
		{94BD265D-BC89-41B8-B263-89C0D515FD25}.Debug|Any CPU.ActiveCfg = Debug|Any CPU
		{94BD265D-BC89-41B8-B263-89C0D515FD25}.Debug|Any CPU.Build.0 = Debug|Any CPU
		{94BD265D-BC89-41B8-B263-89C0D515FD25}.Release|Any CPU.ActiveCfg = Release|Any CPU
		{94BD265D-BC89-41B8-B263-89C0D515FD25}.Release|Any CPU.Build.0 = Release|Any CPU
		{38C95266-E8EA-48EF-BB53-550E4EF310EE}.Debug|Any CPU.ActiveCfg = Debug|Any CPU
		{38C95266-E8EA-48EF-BB53-550E4EF310EE}.Debug|Any CPU.Build.0 = Debug|Any CPU
		{38C95266-E8EA-48EF-BB53-550E4EF310EE}.Release|Any CPU.ActiveCfg = Release|Any CPU
		{38C95266-E8EA-48EF-BB53-550E4EF310EE}.Release|Any CPU.Build.0 = Release|Any CPU
		{B901818B-C458-47B4-9D8F-C5FFC37DBCBD}.Debug|Any CPU.ActiveCfg = Debug|Any CPU
		{B901818B-C458-47B4-9D8F-C5FFC37DBCBD}.Debug|Any CPU.Build.0 = Debug|Any CPU
		{B901818B-C458-47B4-9D8F-C5FFC37DBCBD}.Release|Any CPU.ActiveCfg = Release|Any CPU
		{B901818B-C458-47B4-9D8F-C5FFC37DBCBD}.Release|Any CPU.Build.0 = Release|Any CPU
		{9CA4F577-FD25-41B9-BB87-FC8DA4791BDB}.Debug|Any CPU.ActiveCfg = Debug|Any CPU
		{9CA4F577-FD25-41B9-BB87-FC8DA4791BDB}.Debug|Any CPU.Build.0 = Debug|Any CPU
		{9CA4F577-FD25-41B9-BB87-FC8DA4791BDB}.Release|Any CPU.ActiveCfg = Release|Any CPU
		{9CA4F577-FD25-41B9-BB87-FC8DA4791BDB}.Release|Any CPU.Build.0 = Release|Any CPU
	EndGlobalSection
	GlobalSection(SolutionProperties) = preSolution
		HideSolutionNode = FALSE
	EndGlobalSection
	GlobalSection(ExtensibilityGlobals) = postSolution
		SolutionGuid = {83F5CC28-6BA7-443A-A647-144CC12B8F2D}
	EndGlobalSection
EndGlobal
